
Microsoft Visual Studio Solution File, Format Version 12.00
# Visual Studio Version 17
VisualStudioVersion = 17.0.32112.339
MinimumVisualStudioVersion = 10.0.40219.1
Project("{FAE04EC0-301F-11D3-BF4B-00C04F79EFBC}") = "zadanie_metodi", "zadanie_metodi\zadanie_metodi.csproj", "{FDE3D199-FB09-4947-B394-3B960D48C17B}"
EndProject
Global
	GlobalSection(SolutionConfigurationPlatforms) = preSolution
		Debug|Any CPU = Debug|Any CPU
		Release|Any CPU = Release|Any CPU
	EndGlobalSection
	GlobalSection(ProjectConfigurationPlatforms) = postSolution
		{FDE3D199-FB09-4947-B394-3B960D48C17B}.Debug|Any CPU.ActiveCfg = Debug|Any CPU
		{FDE3D199-FB09-4947-B394-3B960D48C17B}.Debug|Any CPU.Build.0 = Debug|Any CPU
		{FDE3D199-FB09-4947-B394-3B960D48C17B}.Release|Any CPU.ActiveCfg = Release|Any CPU
		{FDE3D199-FB09-4947-B394-3B960D48C17B}.Release|Any CPU.Build.0 = Release|Any CPU
	EndGlobalSection
	GlobalSection(SolutionProperties) = preSolution
		HideSolutionNode = FALSE
	EndGlobalSection
	GlobalSection(ExtensibilityGlobals) = postSolution
		SolutionGuid = {6520A43D-3FB6-4A06-A27C-904123DB0658}
	EndGlobalSection
EndGlobal
